
Microsoft Visual Studio Solution File, Format Version 12.00
# Visual Studio 2013
VisualStudioVersion = 12.0.30723.0
MinimumVisualStudioVersion = 10.0.40219.1
Project("{2150E333-8FDC-42A3-9474-1A3956D46DE8}") = "Tests", "Tests", "{E75A23D8-1D38-4765-82BB-D64711A7CFB7}"
EndProject
Project("{2150E333-8FDC-42A3-9474-1A3956D46DE8}") = "Core", "Core", "{44C2874F-99F7-4977-B1CA-3E37E14A1F7B}"
EndProject
Project("{2150E333-8FDC-42A3-9474-1A3956D46DE8}") = "Experimental", "Experimental", "{7B4E3993-F439-49DC-8254-27E9523EA66C}"
EndProject
Project("{2150E333-8FDC-42A3-9474-1A3956D46DE8}") = "GUI", "GUI", "{E1737735-AAC3-4B73-85BE-29BD78D6AC8B}"
EndProject
Project("{FAE04EC0-301F-11D3-BF4B-00C04F79EFBC}") = "RippleGUISimulator", "GUI\RippleGUISimulator\RippleGUISimulator.csproj", "{E9C69EF5-FC53-42E7-8D9D-4D9F818D8EFA}"
EndProject
Project("{FAE04EC0-301F-11D3-BF4B-00C04F79EFBC}") = "Compilers", "Core\Compilers\Compilers.csproj", "{5C910F53-18D8-4CE8-902D-1336D83C4732}"
EndProject
Project("{FAE04EC0-301F-11D3-BF4B-00C04F79EFBC}") = "Components", "Core\Components\Components.csproj", "{48E4D462-B894-4C79-BC6A-E45D1FD44378}"
EndProject
Project("{FAE04EC0-301F-11D3-BF4B-00C04F79EFBC}") = "UnitTest", "Tests\UnitTest\UnitTest.csproj", "{A71E8F8E-DB5D-48EC-AA27-EE3CD6DDD8C3}"
EndProject
Project("{FAE04EC0-301F-11D3-BF4B-00C04F79EFBC}") = "TestConsole", "Experimental\TestConsole\TestConsole.csproj", "{56848D3A-472D-4390-ABA3-12E6EE9F5C5E}"
EndProject
Project("{FAE04EC0-301F-11D3-BF4B-00C04F79EFBC}") = "VisualizationInterfaces", "GUI\VisualizationInterfaces\VisualizationInterfaces.csproj", "{32CC4DCA-E27C-47E2-90DE-19DAC5CC1C9E}"
EndProject
Project("{2150E333-8FDC-42A3-9474-1A3956D46DE8}") = "Plugins", "Plugins", "{F0781658-C341-46F4-8DCD-F3CEFE919459}"
EndProject
Project("{FAE04EC0-301F-11D3-BF4B-00C04F79EFBC}") = "PlainVisualizer", "GUI\Plugins\PlainVisualizer\PlainVisualizer.csproj", "{6CA29BA4-0A51-40AF-9D3D-EEED59C9396E}"
EndProject
Project("{FAE04EC0-301F-11D3-BF4B-00C04F79EFBC}") = "ArrayToTextVisualizer", "GUI\Plugins\ArrayToTextVisualizer\ArrayToTextVisualizer.csproj", "{094A89CB-8AFB-4621-82A8-9C41DBB68791}"
EndProject
Project("{2150E333-8FDC-42A3-9474-1A3956D46DE8}") = "Rappers", "Rappers", "{2FF83112-01D0-4306-B082-1AEE7954C01E}"
EndProject
Project("{8BC9CEB8-8B4A-11D0-8D11-00A0C91BC942}") = "CommonControlsOnCLI", "GUI\Rappers\CommonControlsOnCLI\CommonControlsOnCLI.vcxproj", "{AE318FDA-F266-45EB-A2FD-A794DAAB8C7A}"
EndProject
Project("{8BC9CEB8-8B4A-11D0-8D11-00A0C91BC942}") = "PlainVisualizerHelper", "GUI\Plugins\PlainVisualizerHelper\PlainVisualizerHelper.vcxproj", "{2808AFFE-C926-4E77-8278-688CADD65941}"
EndProject
Project("{FAE04EC0-301F-11D3-BF4B-00C04F79EFBC}") = "ChartVisualizer", "GUI\Plugins\ChartVisualizer\ChartVisualizer.csproj", "{70861E7D-E0DF-4F19-8BAE-DBFF9AD4A9A1}"
EndProject
Project("{FAE04EC0-301F-11D3-BF4B-00C04F79EFBC}") = "RippleCUISimulator", "Experimental\RippleCUISimulator\RippleCUISimulator.csproj", "{6F721009-856D-416B-927F-4700A77A7036}"
EndProject
Project("{2150E333-8FDC-42A3-9474-1A3956D46DE8}") = ".nuget", ".nuget", "{F85653AA-6EBF-4632-B0C2-BC18C55194B5}"
	ProjectSection(SolutionItems) = preProject
		.nuget\NuGet.Config = .nuget\NuGet.Config
		.nuget\NuGet.exe = .nuget\NuGet.exe
		.nuget\NuGet.targets = .nuget\NuGet.targets
	EndProjectSection
EndProject
Global
	GlobalSection(SolutionConfigurationPlatforms) = preSolution
		Debug|_x86 = Debug|_x86
		Debug|x64 = Debug|x64
		Release|_x86 = Release|_x86
		Release|x64 = Release|x64
	EndGlobalSection
	GlobalSection(ProjectConfigurationPlatforms) = postSolution
		{E9C69EF5-FC53-42E7-8D9D-4D9F818D8EFA}.Debug|_x86.ActiveCfg = Debug|x86
		{E9C69EF5-FC53-42E7-8D9D-4D9F818D8EFA}.Debug|_x86.Build.0 = Debug|x86
		{E9C69EF5-FC53-42E7-8D9D-4D9F818D8EFA}.Debug|x64.ActiveCfg = Debug|x64
		{E9C69EF5-FC53-42E7-8D9D-4D9F818D8EFA}.Debug|x64.Build.0 = Debug|x64
		{E9C69EF5-FC53-42E7-8D9D-4D9F818D8EFA}.Release|_x86.ActiveCfg = Release|x86
		{E9C69EF5-FC53-42E7-8D9D-4D9F818D8EFA}.Release|_x86.Build.0 = Release|x86
		{E9C69EF5-FC53-42E7-8D9D-4D9F818D8EFA}.Release|x64.ActiveCfg = Release|x64
		{E9C69EF5-FC53-42E7-8D9D-4D9F818D8EFA}.Release|x64.Build.0 = Release|x64
		{5C910F53-18D8-4CE8-902D-1336D83C4732}.Debug|_x86.ActiveCfg = Debug|x86
		{5C910F53-18D8-4CE8-902D-1336D83C4732}.Debug|_x86.Build.0 = Debug|x86
		{5C910F53-18D8-4CE8-902D-1336D83C4732}.Debug|x64.ActiveCfg = Debug|x64
		{5C910F53-18D8-4CE8-902D-1336D83C4732}.Debug|x64.Build.0 = Debug|x64
		{5C910F53-18D8-4CE8-902D-1336D83C4732}.Release|_x86.ActiveCfg = Release|x86
		{5C910F53-18D8-4CE8-902D-1336D83C4732}.Release|_x86.Build.0 = Release|x86
		{5C910F53-18D8-4CE8-902D-1336D83C4732}.Release|x64.ActiveCfg = Release|x64
		{5C910F53-18D8-4CE8-902D-1336D83C4732}.Release|x64.Build.0 = Release|x64
		{48E4D462-B894-4C79-BC6A-E45D1FD44378}.Debug|_x86.ActiveCfg = Debug|x86
		{48E4D462-B894-4C79-BC6A-E45D1FD44378}.Debug|_x86.Build.0 = Debug|x86
		{48E4D462-B894-4C79-BC6A-E45D1FD44378}.Debug|x64.ActiveCfg = Debug|x64
		{48E4D462-B894-4C79-BC6A-E45D1FD44378}.Debug|x64.Build.0 = Debug|x64
		{48E4D462-B894-4C79-BC6A-E45D1FD44378}.Release|_x86.ActiveCfg = Release|x86
		{48E4D462-B894-4C79-BC6A-E45D1FD44378}.Release|_x86.Build.0 = Release|x86
		{48E4D462-B894-4C79-BC6A-E45D1FD44378}.Release|x64.ActiveCfg = Release|x64
		{48E4D462-B894-4C79-BC6A-E45D1FD44378}.Release|x64.Build.0 = Release|x64
		{A71E8F8E-DB5D-48EC-AA27-EE3CD6DDD8C3}.Debug|_x86.ActiveCfg = Debug|x86
		{A71E8F8E-DB5D-48EC-AA27-EE3CD6DDD8C3}.Debug|_x86.Build.0 = Debug|x86
		{A71E8F8E-DB5D-48EC-AA27-EE3CD6DDD8C3}.Debug|x64.ActiveCfg = Debug|x64
		{A71E8F8E-DB5D-48EC-AA27-EE3CD6DDD8C3}.Debug|x64.Build.0 = Debug|x64
		{A71E8F8E-DB5D-48EC-AA27-EE3CD6DDD8C3}.Release|_x86.ActiveCfg = Release|x86
		{A71E8F8E-DB5D-48EC-AA27-EE3CD6DDD8C3}.Release|_x86.Build.0 = Release|x86
		{A71E8F8E-DB5D-48EC-AA27-EE3CD6DDD8C3}.Release|x64.ActiveCfg = Release|x64
		{A71E8F8E-DB5D-48EC-AA27-EE3CD6DDD8C3}.Release|x64.Build.0 = Release|x64
		{56848D3A-472D-4390-ABA3-12E6EE9F5C5E}.Debug|_x86.ActiveCfg = Debug|x86
		{56848D3A-472D-4390-ABA3-12E6EE9F5C5E}.Debug|_x86.Build.0 = Debug|x86
		{56848D3A-472D-4390-ABA3-12E6EE9F5C5E}.Debug|x64.ActiveCfg = Debug|x64
		{56848D3A-472D-4390-ABA3-12E6EE9F5C5E}.Debug|x64.Build.0 = Debug|x64
		{56848D3A-472D-4390-ABA3-12E6EE9F5C5E}.Release|_x86.ActiveCfg = Release|x86
		{56848D3A-472D-4390-ABA3-12E6EE9F5C5E}.Release|_x86.Build.0 = Release|x86
		{56848D3A-472D-4390-ABA3-12E6EE9F5C5E}.Release|x64.ActiveCfg = Release|x64
		{56848D3A-472D-4390-ABA3-12E6EE9F5C5E}.Release|x64.Build.0 = Release|x64
		{32CC4DCA-E27C-47E2-90DE-19DAC5CC1C9E}.Debug|_x86.ActiveCfg = Debug|x86
		{32CC4DCA-E27C-47E2-90DE-19DAC5CC1C9E}.Debug|_x86.Build.0 = Debug|x86
		{32CC4DCA-E27C-47E2-90DE-19DAC5CC1C9E}.Debug|x64.ActiveCfg = Debug|x64
		{32CC4DCA-E27C-47E2-90DE-19DAC5CC1C9E}.Debug|x64.Build.0 = Debug|x64
		{32CC4DCA-E27C-47E2-90DE-19DAC5CC1C9E}.Release|_x86.ActiveCfg = Release|x86
		{32CC4DCA-E27C-47E2-90DE-19DAC5CC1C9E}.Release|_x86.Build.0 = Release|x86
		{32CC4DCA-E27C-47E2-90DE-19DAC5CC1C9E}.Release|x64.ActiveCfg = Release|x64
		{32CC4DCA-E27C-47E2-90DE-19DAC5CC1C9E}.Release|x64.Build.0 = Release|x64
		{6CA29BA4-0A51-40AF-9D3D-EEED59C9396E}.Debug|_x86.ActiveCfg = Debug|x86
		{6CA29BA4-0A51-40AF-9D3D-EEED59C9396E}.Debug|_x86.Build.0 = Debug|x86
		{6CA29BA4-0A51-40AF-9D3D-EEED59C9396E}.Debug|x64.ActiveCfg = Debug|x64
		{6CA29BA4-0A51-40AF-9D3D-EEED59C9396E}.Debug|x64.Build.0 = Debug|x64
		{6CA29BA4-0A51-40AF-9D3D-EEED59C9396E}.Release|_x86.ActiveCfg = Release|x86
		{6CA29BA4-0A51-40AF-9D3D-EEED59C9396E}.Release|_x86.Build.0 = Release|x86
		{6CA29BA4-0A51-40AF-9D3D-EEED59C9396E}.Release|x64.ActiveCfg = Release|x64
		{6CA29BA4-0A51-40AF-9D3D-EEED59C9396E}.Release|x64.Build.0 = Release|x64
		{094A89CB-8AFB-4621-82A8-9C41DBB68791}.Debug|_x86.ActiveCfg = Debug|x86
		{094A89CB-8AFB-4621-82A8-9C41DBB68791}.Debug|_x86.Build.0 = Debug|x86
		{094A89CB-8AFB-4621-82A8-9C41DBB68791}.Debug|x64.ActiveCfg = Debug|x64
		{094A89CB-8AFB-4621-82A8-9C41DBB68791}.Debug|x64.Build.0 = Debug|x64
		{094A89CB-8AFB-4621-82A8-9C41DBB68791}.Release|_x86.ActiveCfg = Release|x86
		{094A89CB-8AFB-4621-82A8-9C41DBB68791}.Release|_x86.Build.0 = Release|x86
		{094A89CB-8AFB-4621-82A8-9C41DBB68791}.Release|x64.ActiveCfg = Release|x64
		{094A89CB-8AFB-4621-82A8-9C41DBB68791}.Release|x64.Build.0 = Release|x64
		{AE318FDA-F266-45EB-A2FD-A794DAAB8C7A}.Debug|_x86.ActiveCfg = Debug|Win32
		{AE318FDA-F266-45EB-A2FD-A794DAAB8C7A}.Debug|_x86.Build.0 = Debug|Win32
		{AE318FDA-F266-45EB-A2FD-A794DAAB8C7A}.Debug|x64.ActiveCfg = Debug|x64
		{AE318FDA-F266-45EB-A2FD-A794DAAB8C7A}.Debug|x64.Build.0 = Debug|x64
		{AE318FDA-F266-45EB-A2FD-A794DAAB8C7A}.Release|_x86.ActiveCfg = Release|Win32
		{AE318FDA-F266-45EB-A2FD-A794DAAB8C7A}.Release|_x86.Build.0 = Release|Win32
		{AE318FDA-F266-45EB-A2FD-A794DAAB8C7A}.Release|x64.ActiveCfg = Release|x64
		{AE318FDA-F266-45EB-A2FD-A794DAAB8C7A}.Release|x64.Build.0 = Release|x64
		{2808AFFE-C926-4E77-8278-688CADD65941}.Debug|_x86.ActiveCfg = Debug|Win32
		{2808AFFE-C926-4E77-8278-688CADD65941}.Debug|_x86.Build.0 = Debug|Win32
		{2808AFFE-C926-4E77-8278-688CADD65941}.Debug|x64.ActiveCfg = Debug|x64
		{2808AFFE-C926-4E77-8278-688CADD65941}.Debug|x64.Build.0 = Debug|x64
		{2808AFFE-C926-4E77-8278-688CADD65941}.Release|_x86.ActiveCfg = Release|Win32
		{2808AFFE-C926-4E77-8278-688CADD65941}.Release|_x86.Build.0 = Release|Win32
		{2808AFFE-C926-4E77-8278-688CADD65941}.Release|x64.ActiveCfg = Release|x64
		{2808AFFE-C926-4E77-8278-688CADD65941}.Release|x64.Build.0 = Release|x64
		{70861E7D-E0DF-4F19-8BAE-DBFF9AD4A9A1}.Debug|_x86.ActiveCfg = Debug|x86
		{70861E7D-E0DF-4F19-8BAE-DBFF9AD4A9A1}.Debug|_x86.Build.0 = Debug|x86
		{70861E7D-E0DF-4F19-8BAE-DBFF9AD4A9A1}.Debug|x64.ActiveCfg = Debug|x64
		{70861E7D-E0DF-4F19-8BAE-DBFF9AD4A9A1}.Debug|x64.Build.0 = Debug|x64
		{70861E7D-E0DF-4F19-8BAE-DBFF9AD4A9A1}.Release|_x86.ActiveCfg = Release|x86
		{70861E7D-E0DF-4F19-8BAE-DBFF9AD4A9A1}.Release|_x86.Build.0 = Release|x86
		{70861E7D-E0DF-4F19-8BAE-DBFF9AD4A9A1}.Release|x64.ActiveCfg = Release|x64
		{70861E7D-E0DF-4F19-8BAE-DBFF9AD4A9A1}.Release|x64.Build.0 = Release|x64
		{6F721009-856D-416B-927F-4700A77A7036}.Debug|_x86.ActiveCfg = Debug|x86
		{6F721009-856D-416B-927F-4700A77A7036}.Debug|_x86.Build.0 = Debug|x86
		{6F721009-856D-416B-927F-4700A77A7036}.Debug|x64.ActiveCfg = Debug|x64
		{6F721009-856D-416B-927F-4700A77A7036}.Debug|x64.Build.0 = Debug|x64
		{6F721009-856D-416B-927F-4700A77A7036}.Release|_x86.ActiveCfg = Release|x86
		{6F721009-856D-416B-927F-4700A77A7036}.Release|_x86.Build.0 = Release|x86
		{6F721009-856D-416B-927F-4700A77A7036}.Release|x64.ActiveCfg = Release|x64
		{6F721009-856D-416B-927F-4700A77A7036}.Release|x64.Build.0 = Release|x64
	EndGlobalSection
	GlobalSection(SolutionProperties) = preSolution
		HideSolutionNode = FALSE
	EndGlobalSection
	GlobalSection(NestedProjects) = preSolution
		{E9C69EF5-FC53-42E7-8D9D-4D9F818D8EFA} = {E1737735-AAC3-4B73-85BE-29BD78D6AC8B}
		{5C910F53-18D8-4CE8-902D-1336D83C4732} = {44C2874F-99F7-4977-B1CA-3E37E14A1F7B}
		{48E4D462-B894-4C79-BC6A-E45D1FD44378} = {44C2874F-99F7-4977-B1CA-3E37E14A1F7B}
		{A71E8F8E-DB5D-48EC-AA27-EE3CD6DDD8C3} = {E75A23D8-1D38-4765-82BB-D64711A7CFB7}
		{56848D3A-472D-4390-ABA3-12E6EE9F5C5E} = {7B4E3993-F439-49DC-8254-27E9523EA66C}
		{32CC4DCA-E27C-47E2-90DE-19DAC5CC1C9E} = {E1737735-AAC3-4B73-85BE-29BD78D6AC8B}
		{F0781658-C341-46F4-8DCD-F3CEFE919459} = {E1737735-AAC3-4B73-85BE-29BD78D6AC8B}
		{6CA29BA4-0A51-40AF-9D3D-EEED59C9396E} = {F0781658-C341-46F4-8DCD-F3CEFE919459}
		{094A89CB-8AFB-4621-82A8-9C41DBB68791} = {F0781658-C341-46F4-8DCD-F3CEFE919459}
		{2FF83112-01D0-4306-B082-1AEE7954C01E} = {E1737735-AAC3-4B73-85BE-29BD78D6AC8B}
		{AE318FDA-F266-45EB-A2FD-A794DAAB8C7A} = {2FF83112-01D0-4306-B082-1AEE7954C01E}
		{2808AFFE-C926-4E77-8278-688CADD65941} = {F0781658-C341-46F4-8DCD-F3CEFE919459}
		{70861E7D-E0DF-4F19-8BAE-DBFF9AD4A9A1} = {F0781658-C341-46F4-8DCD-F3CEFE919459}
		{6F721009-856D-416B-927F-4700A77A7036} = {7B4E3993-F439-49DC-8254-27E9523EA66C}
	EndGlobalSection
EndGlobal
